
Microsoft Visual Studio Solution File, Format Version 12.00
# Visual Studio Version 17
Project("{8BC9CEB8-8B4A-11D0-8D11-00A0C91BC942}") = "ALL_BUILD", "ALL_BUILD.vcxproj", "{C7BFED17-7856-3DFE-90B0-ECE6FAB7119B}"
	ProjectSection(ProjectDependencies) = postProject
		{6E56B357-D5D5-3A79-9259-ABC697F0DDDE} = {6E56B357-D5D5-3A79-9259-ABC697F0DDDE}
		{E8778601-F042-30BC-A0D5-DEAED6FF3184} = {E8778601-F042-30BC-A0D5-DEAED6FF3184}
	EndProjectSection
EndProject
Project("{8BC9CEB8-8B4A-11D0-8D11-00A0C91BC942}") = "Patterns", "Patterns.vcxproj", "{6E56B357-D5D5-3A79-9259-ABC697F0DDDE}"
	ProjectSection(ProjectDependencies) = postProject
		{E8778601-F042-30BC-A0D5-DEAED6FF3184} = {E8778601-F042-30BC-A0D5-DEAED6FF3184}
	EndProjectSection
EndProject
Project("{8BC9CEB8-8B4A-11D0-8D11-00A0C91BC942}") = "ZERO_CHECK", "ZERO_CHECK.vcxproj", "{E8778601-F042-30BC-A0D5-DEAED6FF3184}"
	ProjectSection(ProjectDependencies) = postProject
	EndProjectSection
EndProject
Global
	GlobalSection(SolutionConfigurationPlatforms) = preSolution
		Debug|x64 = Debug|x64
		Release|x64 = Release|x64
		MinSizeRel|x64 = MinSizeRel|x64
		RelWithDebInfo|x64 = RelWithDebInfo|x64
	EndGlobalSection
	GlobalSection(ProjectConfigurationPlatforms) = postSolution
		{C7BFED17-7856-3DFE-90B0-ECE6FAB7119B}.Debug|x64.ActiveCfg = Debug|x64
		{C7BFED17-7856-3DFE-90B0-ECE6FAB7119B}.Release|x64.ActiveCfg = Release|x64
		{C7BFED17-7856-3DFE-90B0-ECE6FAB7119B}.MinSizeRel|x64.ActiveCfg = MinSizeRel|x64
		{C7BFED17-7856-3DFE-90B0-ECE6FAB7119B}.RelWithDebInfo|x64.ActiveCfg = RelWithDebInfo|x64
		{6E56B357-D5D5-3A79-9259-ABC697F0DDDE}.Debug|x64.ActiveCfg = Debug|x64
		{6E56B357-D5D5-3A79-9259-ABC697F0DDDE}.Debug|x64.Build.0 = Debug|x64
		{6E56B357-D5D5-3A79-9259-ABC697F0DDDE}.Release|x64.ActiveCfg = Release|x64
		{6E56B357-D5D5-3A79-9259-ABC697F0DDDE}.Release|x64.Build.0 = Release|x64
		{6E56B357-D5D5-3A79-9259-ABC697F0DDDE}.MinSizeRel|x64.ActiveCfg = MinSizeRel|x64
		{6E56B357-D5D5-3A79-9259-ABC697F0DDDE}.MinSizeRel|x64.Build.0 = MinSizeRel|x64
		{6E56B357-D5D5-3A79-9259-ABC697F0DDDE}.RelWithDebInfo|x64.ActiveCfg = RelWithDebInfo|x64
		{6E56B357-D5D5-3A79-9259-ABC697F0DDDE}.RelWithDebInfo|x64.Build.0 = RelWithDebInfo|x64
		{E8778601-F042-30BC-A0D5-DEAED6FF3184}.Debug|x64.ActiveCfg = Debug|x64
		{E8778601-F042-30BC-A0D5-DEAED6FF3184}.Debug|x64.Build.0 = Debug|x64
		{E8778601-F042-30BC-A0D5-DEAED6FF3184}.Release|x64.ActiveCfg = Release|x64
		{E8778601-F042-30BC-A0D5-DEAED6FF3184}.Release|x64.Build.0 = Release|x64
		{E8778601-F042-30BC-A0D5-DEAED6FF3184}.MinSizeRel|x64.ActiveCfg = MinSizeRel|x64
		{E8778601-F042-30BC-A0D5-DEAED6FF3184}.MinSizeRel|x64.Build.0 = MinSizeRel|x64
		{E8778601-F042-30BC-A0D5-DEAED6FF3184}.RelWithDebInfo|x64.ActiveCfg = RelWithDebInfo|x64
		{E8778601-F042-30BC-A0D5-DEAED6FF3184}.RelWithDebInfo|x64.Build.0 = RelWithDebInfo|x64
	EndGlobalSection
	GlobalSection(ExtensibilityGlobals) = postSolution
		SolutionGuid = {4FF5679C-CC31-36A8-9505-6958AEF53A39}
	EndGlobalSection
	GlobalSection(ExtensibilityAddIns) = postSolution
	EndGlobalSection
EndGlobal
