<?xml version="1.0" encoding="utf-8"?>
<Project ToolsVersion="17.0" xmlns="http://schemas.microsoft.com/developer/msbuild/2003">
  <ItemGroup>
    <ClCompile Include="E:\2026-spring-software-patterns\src\Test.C">
      <Filter>Source Files</Filter>
    </ClCompile>
    <ClCompile Include="E:\2026-spring-software-patterns\src\Attr.C">
      <Filter>Source Files</Filter>
    </ClCompile>
    <ClCompile Include="E:\2026-spring-software-patterns\src\Builder.C">
      <Filter>Source Files</Filter>
    </ClCompile>
    <ClCompile Include="E:\2026-spring-software-patterns\src\ConsoleParseObserver.C">
      <Filter>Source Files</Filter>
    </ClCompile>
    <ClCompile Include="E:\2026-spring-software-patterns\src\Director.C">
      <Filter>Source Files</Filter>
    </ClCompile>
    <ClCompile Include="E:\2026-spring-software-patterns\src\Document.C">
      <Filter>Source Files</Filter>
    </ClCompile>
    <ClCompile Include="E:\2026-spring-software-patterns\src\Element.C">
      <Filter>Source Files</Filter>
    </ClCompile>
    <ClCompile Include="E:\2026-spring-software-patterns\src\NamedNodeMap.C">
      <Filter>Source Files</Filter>
    </ClCompile>
    <ClCompile Include="E:\2026-spring-software-patterns\src\Node.C">
      <Filter>Source Files</Filter>
    </ClCompile>
    <ClCompile Include="E:\2026-spring-software-patterns\src\ParseMediator.C">
      <Filter>Source Files</Filter>
    </ClCompile>
    <ClCompile Include="E:\2026-spring-software-patterns\src\Text.C">
      <Filter>Source Files</Filter>
    </ClCompile>
    <ClCompile Include="E:\2026-spring-software-patterns\src\XMLSerializer.C">
      <Filter>Source Files</Filter>
    </ClCompile>
    <ClCompile Include="E:\2026-spring-software-patterns\src\XMLTokenizer.C">
      <Filter>Source Files</Filter>
    </ClCompile>
    <ClCompile Include="E:\2026-spring-software-patterns\src\XMLValidator.C">
      <Filter>Source Files</Filter>
    </ClCompile>
    <ClCompile Include="E:\2026-spring-software-patterns\src\ValidChildren.C">
      <Filter>Source Files</Filter>
    </ClCompile>
  </ItemGroup>
  <ItemGroup>
    <CustomBuild Include="E:\2026-spring-software-patterns\src\CMakeLists.txt" />
  </ItemGroup>
  <ItemGroup>
    <None Include="E:\2026-spring-software-patterns\src\Attr.H" />
    <None Include="E:\2026-spring-software-patterns\src\Builder.H" />
    <None Include="E:\2026-spring-software-patterns\src\ConsoleParseObserver.H" />
    <None Include="E:\2026-spring-software-patterns\src\Director.H" />
    <None Include="E:\2026-spring-software-patterns\src\Document.H" />
    <None Include="E:\2026-spring-software-patterns\src\Element.H" />
    <None Include="E:\2026-spring-software-patterns\src\NamedNodeMap.H" />
    <None Include="E:\2026-spring-software-patterns\src\Node.H" />
    <None Include="E:\2026-spring-software-patterns\src\NodeList.H" />
    <None Include="E:\2026-spring-software-patterns\src\ParseMediator.H" />
    <None Include="E:\2026-spring-software-patterns\src\ParseObserver.H" />
    <None Include="E:\2026-spring-software-patterns\src\Text.H" />
    <None Include="E:\2026-spring-software-patterns\src\XMLSerializer.H" />
    <None Include="E:\2026-spring-software-patterns\src\XMLTokenizer.H" />
    <None Include="E:\2026-spring-software-patterns\src\XMLValidator.H" />
    <None Include="E:\2026-spring-software-patterns\src\ValidChildren.H" />
    <None Include="E:\2026-spring-software-patterns\src\WhitespaceStrategy.H" />
  </ItemGroup>
  <ItemGroup>
    <Filter Include="Source Files">
      <UniqueIdentifier>{85300231-35F7-32C6-861A-F298B2A1F112}</UniqueIdentifier>
    </Filter>
  </ItemGroup>
</Project>
